{
  "nodes": {
    "home-manager": {
      "inputs": {
        "nixpkgs": [
          "nixpkgs"
        ]
      },
      "locked": {
        "lastModified": 1779506708,
        "narHash": "sha256-QOD/CNm196nCJRheux/URi4/HE66fthdOMqCJoPP1Y0=",
        "owner": "nix-community",
        "repo": "home-manager",
        "rev": "3ee51fbdac8c8bdfe1e7e1fcaba6520a563f394f",
        "type": "github"
      },
      "original": {
        "owner": "nix-community",
        "ref": "release-25.11",
        "repo": "home-manager",
        "type": "github"
      }
    },
    "nixpkgs": {
      "locked": {
        "lastModified": 1782712825,
        "narHash": "sha256-WQCA9undxUJ5OOoQnJdupna7dhfrirMx6Em2/Gl7voQ=",
        "owner": "NixOS",
        "repo": "nixpkgs",
        "rev": "5ffce99671fc0b8d9e1cd4518d3303a8803a8422",
        "type": "github"
      },
      "original": {
        "id": "nixpkgs",
        "ref": "release-25.11",
        "type": "indirect"
      }
    },
    "nixpkgs-unstable": {
      "locked": {
        "lastModified": 1782636521,
        "narHash": "sha256-Yf2TcFLw0r574fP/5eUN6N8el70HbYNdbDeeHpnK2eQ=",
        "rev": "e1c1b84752fb0897897380a3cae9dc7fcab91ca3",
        "type": "tarball",
        "url": "https://releases.nixos.org/nixpkgs/nixpkgs-26.11pre1023798.e1c1b84752fb/nixexprs.tar.xz"
      },
      "original": {
        "id": "nixpkgs",
        "ref": "nixpkgs-unstable",
        "type": "indirect"
      }
    },
    "root": {
      "inputs": {
        "home-manager": "home-manager",
        "nixpkgs": "nixpkgs",
        "nixpkgs-unstable": "nixpkgs-unstable"
      }
    }
  },
  "root": "root",
  "version": 7
}
